
Microsoft Visual Studio Solution File, Format Version 12.00
# Visual Studio Version 17
VisualStudioVersion = 17.7.34024.191
MinimumVisualStudioVersion = 10.0.40219.1
Project("{FAE04EC0-301F-11D3-BF4B-00C04F79EFBC}") = "Atm", "Atm\Atm.csproj", "{0858BE3B-FC5E-4D2A-9B0B-0141B4EFEB73}"
EndProject
Global
	GlobalSection(SolutionConfigurationPlatforms) = preSolution
		Debug|Any CPU = Debug|Any CPU
		Release|Any CPU = Release|Any CPU
	EndGlobalSection
	GlobalSection(ProjectConfigurationPlatforms) = postSolution
		{0858BE3B-FC5E-4D2A-9B0B-0141B4EFEB73}.Debug|Any CPU.ActiveCfg = Debug|Any CPU
		{0858BE3B-FC5E-4D2A-9B0B-0141B4EFEB73}.Debug|Any CPU.Build.0 = Debug|Any CPU
		{0858BE3B-FC5E-4D2A-9B0B-0141B4EFEB73}.Release|Any CPU.ActiveCfg = Release|Any CPU
		{0858BE3B-FC5E-4D2A-9B0B-0141B4EFEB73}.Release|Any CPU.Build.0 = Release|Any CPU
	EndGlobalSection
	GlobalSection(SolutionProperties) = preSolution
		HideSolutionNode = FALSE
	EndGlobalSection
	GlobalSection(ExtensibilityGlobals) = postSolution
		SolutionGuid = {A6BAA2C1-EB85-44CF-9904-A575362D2D84}
	EndGlobalSection
EndGlobal
